PODS:
  - Base32 (1.0.2)
  - OneTimePassword (1.1.1):
    - Base32 (~> 1.0.2)

DEPENDENCIES:
  - OneTimePassword (~> 1.0)

SPEC REPOS:
  trunk:
    - Base32
    - OneTimePassword

SPEC CHECKSUMS:
  Base32: 4e6b6d6c344b48da363c5268f9c391d37893401f
  OneTimePassword: cc497d84bc3758e44ca55b5d2f12019a2770378d

PODFILE CHECKSUM: 3aa1fd5e51ccab09f99a18a4bec467c0d59f2188

COCOAPODS: 1.10.2
