// !$*UTF8*$!
{
	archiveVersion = 1;
	classes = {
	};
	objectVersion = 54;
	objects = {

/* Begin PBXBuildFile section */
		08804D92274BE72D00634C07 /* OneTimePasswordConverter.m in Sources */ = {isa = PBXBuildFile; fileRef = 08804D91274BE72D00634C07 /* OneTimePasswordConverter.m */; };
		08804DA0274D283900634C07 /* OneTimePasswordSettingsTests.m in Sources */ = {isa = PBXBuildFile; fileRef = 08804D9F274D283900634C07 /* OneTimePasswordSettingsTests.m */; };
		08804DA7274D3FA800634C07 /* OneTimePasswordConverterTest.m in Sources */ = {isa = PBXBuildFile; fileRef = 08804DA6274D3FA800634C07 /* OneTimePasswordConverterTest.m */; };
		089ECCC427417C0400C7EAB8 /* OneTimePasswordSettings.m in Sources */ = {isa = PBXBuildFile; fileRef = 089ECCC327417C0400C7EAB8 /* OneTimePasswordSettings.m */; };
		08C8E26D26BBA376006D4608 /* AppDelegate.m in Sources */ = {isa = PBXBuildFile; fileRef = 08C8E26C26BBA376006D4608 /* AppDelegate.m */; };
		08C8E27026BBA376006D4608 /* SceneDelegate.m in Sources */ = {isa = PBXBuildFile; fileRef = 08C8E26F26BBA376006D4608 /* SceneDelegate.m */; };
		08C8E27326BBA376006D4608 /* ViewController.m in Sources */ = {isa = PBXBuildFile; fileRef = 08C8E27226BBA376006D4608 /* ViewController.m */; };
		08C8E27626BBA376006D4608 /* Main.storyboard in Resources */ = {isa = PBXBuildFile; fileRef = 08C8E27426BBA376006D4608 /* Main.storyboard */; };
		08C8E27826BBA377006D4608 /* Assets.xcassets in Resources */ = {isa = PBXBuildFile; fileRef = 08C8E27726BBA377006D4608 /* Assets.xcassets */; };
		08C8E27B26BBA377006D4608 /* LaunchScreen.storyboard in Resources */ = {isa = PBXBuildFile; fileRef = 08C8E27926BBA377006D4608 /* LaunchScreen.storyboard */; };
		08C8E27E26BBA377006D4608 /* main.m in Sources */ = {isa = PBXBuildFile; fileRef = 08C8E27D26BBA377006D4608 /* main.m */; };
		4F8B41252703520D00CF6A1A /* SettingController.m in Sources */ = {isa = PBXBuildFile; fileRef = 4F8B41242703520D00CF6A1A /* SettingController.m */; };
		9A376FD397E03D93D3D80530 /* libPods-OneTimePasswordExample.a in Frameworks */ = {isa = PBXBuildFile; fileRef = C08B5529218DAFE111F19B53 /* libPods-OneTimePasswordExample.a */; };
		E9FD60875365F5896E9C3D94 /* libPods-OneTimePasswordExampleTests.a in Frameworks */ = {isa = PBXBuildFile; fileRef = BC7DC5E5BD3FFB6BD8F06AF9 /* libPods-OneTimePasswordExampleTests.a */; };
/* End PBXBuildFile section */

/* Begin PBXContainerItemProxy section */
		08804DA1274D283900634C07 /* PBXContainerItemProxy */ = {
			isa = PBXContainerItemProxy;
			containerPortal = 08C8E26026BBA376006D4608 /* Project object */;
			proxyType = 1;
			remoteGlobalIDString = 08C8E26726BBA376006D4608;
			remoteInfo = OneTimePasswordExample;
		};
/* End PBXContainerItemProxy section */

/* Begin PBXFileReference section */
		08804D90274BE72D00634C07 /* OneTimePasswordConverter.h */ = {isa = PBXFileReference; lastKnownFileType = sourcecode.c.h; path = OneTimePasswordConverter.h; sourceTree = "<group>"; };
		08804D91274BE72D00634C07 /* OneTimePasswordConverter.m */ = {isa = PBXFileReference; lastKnownFileType = sourcecode.c.objc; path = OneTimePasswordConverter.m; sourceTree = "<group>"; };
		08804D9D274D283900634C07 /* OneTimePasswordExampleTests.xctest */ = {isa = PBXFileReference; explicitFileType = wrapper.cfbundle; includeInIndex = 0; path = OneTimePasswordExampleTests.xctest; sourceTree = BUILT_PRODUCTS_DIR; };
		08804D9F274D283900634C07 /* OneTimePasswordSettingsTests.m */ = {isa = PBXFileReference; lastKnownFileType = sourcecode.c.objc; path = OneTimePasswordSettingsTests.m; sourceTree = "<group>"; };
		08804DA6274D3FA800634C07 /* OneTimePasswordConverterTest.m */ = {isa = PBXFileReference; lastKnownFileType = sourcecode.c.objc; path = OneTimePasswordConverterTest.m; sourceTree = "<group>"; };
		089ECCC227417C0400C7EAB8 /* OneTimePasswordSettings.h */ = {isa = PBXFileReference; lastKnownFileType = sourcecode.c.h; path = OneTimePasswordSettings.h; sourceTree = "<group>"; };
		089ECCC327417C0400C7EAB8 /* OneTimePasswordSettings.m */ = {isa = PBXFileReference; lastKnownFileType = sourcecode.c.objc; path = OneTimePasswordSettings.m; sourceTree = "<group>"; };
		08C8E26826BBA376006D4608 /* OneTimePasswordExample.app */ = {isa = PBXFileReference; explicitFileType = wrapper.application; includeInIndex = 0; path = OneTimePasswordExample.app; sourceTree = BUILT_PRODUCTS_DIR; };
		08C8E26B26BBA376006D4608 /* AppDelegate.h */ = {isa = PBXFileReference; lastKnownFileType = sourcecode.c.h; path = AppDelegate.h; sourceTree = "<group>"; };
		08C8E26C26BBA376006D4608 /* AppDelegate.m */ = {isa = PBXFileReference; lastKnownFileType = sourcecode.c.objc; path = AppDelegate.m; sourceTree = "<group>"; };
		08C8E26E26BBA376006D4608 /* SceneDelegate.h */ = {isa = PBXFileReference; lastKnownFileType = sourcecode.c.h; path = SceneDelegate.h; sourceTree = "<group>"; };
		08C8E26F26BBA376006D4608 /* SceneDelegate.m */ = {isa = PBXFileReference; lastKnownFileType = sourcecode.c.objc; path = SceneDelegate.m; sourceTree = "<group>"; };
		08C8E27126BBA376006D4608 /* ViewController.h */ = {isa = PBXFileReference; lastKnownFileType = sourcecode.c.h; path = ViewController.h; sourceTree = "<group>"; };
		08C8E27226BBA376006D4608 /* ViewController.m */ = {isa = PBXFileReference; lastKnownFileType = sourcecode.c.objc; path = ViewController.m; sourceTree = "<group>"; };
		08C8E27526BBA376006D4608 /* Base */ = {isa = PBXFileReference; lastKnownFileType = file.storyboard; name = Base; path = Base.lproj/Main.storyboard; sourceTree = "<group>"; };
		08C8E27726BBA377006D4608 /* Assets.xcassets */ = {isa = PBXFileReference; lastKnownFileType = folder.assetcatalog; path = Assets.xcassets; sourceTree = "<group>"; };
		08C8E27A26BBA377006D4608 /* Base */ = {isa = PBXFileReference; lastKnownFileType = file.storyboard; name = Base; path = Base.lproj/LaunchScreen.storyboard; sourceTree = "<group>"; };
		08C8E27C26BBA377006D4608 /* Info.plist */ = {isa = PBXFileReference; lastKnownFileType = text.plist.xml; path = Info.plist; sourceTree = "<group>"; };
		08C8E27D26BBA377006D4608 /* main.m */ = {isa = PBXFileReference; lastKnownFileType = sourcecode.c.objc; path = main.m; sourceTree = "<group>"; };
		4F8B41242703520D00CF6A1A /* SettingController.m */ = {isa = PBXFileReference; lastKnownFileType = sourcecode.c.objc; path = SettingController.m; sourceTree = "<group>"; };
		4F8B4126270484D900CF6A1A /* SettingController.h */ = {isa = PBXFileReference; lastKnownFileType = sourcecode.c.h; path = SettingController.h; sourceTree = "<group>"; };
		62EA47A9FA5474BBDDECC144 /* Pods-OneTimePasswordExample.debug.xcconfig */ = {isa = PBXFileReference; includeInIndex = 1; lastKnownFileType = text.xcconfig; name = "Pods-OneTimePasswordExample.debug.xcconfig"; path = "Target Support Files/Pods-OneTimePasswordExample/Pods-OneTimePasswordExample.debug.xcconfig"; sourceTree = "<group>"; };
		736A6813388591A6692CC8C4 /* Pods-OneTimePasswordExampleTests.release.xcconfig */ = {isa = PBXFileReference; includeInIndex = 1; lastKnownFileType = text.xcconfig; name = "Pods-OneTimePasswordExampleTests.release.xcconfig"; path = "Target Support Files/Pods-OneTimePasswordExampleTests/Pods-OneTimePasswordExampleTests.release.xcconfig"; sourceTree = "<group>"; };
		BC7DC5E5BD3FFB6BD8F06AF9 /* libPods-OneTimePasswordExampleTests.a */ = {isa = PBXFileReference; explicitFileType = archive.ar; includeInIndex = 0; path = "libPods-OneTimePasswordExampleTests.a"; sourceTree = BUILT_PRODUCTS_DIR; };
		C08B5529218DAFE111F19B53 /* libPods-OneTimePasswordExample.a */ = {isa = PBXFileReference; explicitFileType = archive.ar; includeInIndex = 0; path = "libPods-OneTimePasswordExample.a"; sourceTree = BUILT_PRODUCTS_DIR; };
		C0CF9A46AE07C0F1865C69D3 /* Pods-OneTimePasswordExample.release.xcconfig */ = {isa = PBXFileReference; includeInIndex = 1; lastKnownFileType = text.xcconfig; name = "Pods-OneTimePasswordExample.release.xcconfig"; path = "Target Support Files/Pods-OneTimePasswordExample/Pods-OneTimePasswordExample.release.xcconfig"; sourceTree = "<group>"; };
		E982414A524FEA6B6BD00D07 /* Pods-OneTimePasswordExampleTests.debug.xcconfig */ = {isa = PBXFileReference; includeInIndex = 1; lastKnownFileType = text.xcconfig; name = "Pods-OneTimePasswordExampleTests.debug.xcconfig"; path = "Target Support Files/Pods-OneTimePasswordExampleTests/Pods-OneTimePasswordExampleTests.debug.xcconfig"; sourceTree = "<group>"; };
/* End PBXFileReference section */

/* Begin PBXFrameworksBuildPhase section */
		08804D9A274D283900634C07 /* Frameworks */ = {
			isa = PBXFrameworksBuildPhase;
			buildActionMask = 2147483647;
			files = (
				E9FD60875365F5896E9C3D94 /* libPods-OneTimePasswordExampleTests.a in Frameworks */,
			);
			runOnlyForDeploymentPostprocessing = 0;
		};
		08C8E26526BBA376006D4608 /* Frameworks */ = {
			isa = PBXFrameworksBuildPhase;
			buildActionMask = 2147483647;
			files = (
				9A376FD397E03D93D3D80530 /* libPods-OneTimePasswordExample.a in Frameworks */,
			);
			runOnlyForDeploymentPostprocessing = 0;
		};
/* End PBXFrameworksBuildPhase section */

/* Begin PBXGroup section */
		08804D93274BF30000634C07 /* Converter */ = {
			isa = PBXGroup;
			children = (
				08804D90274BE72D00634C07 /* OneTimePasswordConverter.h */,
				08804D91274BE72D00634C07 /* OneTimePasswordConverter.m */,
			);
			path = Converter;
			sourceTree = "<group>";
		};
		08804D9E274D283900634C07 /* OneTimePasswordExampleTests */ = {
			isa = PBXGroup;
			children = (
				08804DA6274D3FA800634C07 /* OneTimePasswordConverterTest.m */,
				08804D9F274D283900634C07 /* OneTimePasswordSettingsTests.m */,
			);
			path = OneTimePasswordExampleTests;
			sourceTree = "<group>";
		};
		089ECCC127417BDA00C7EAB8 /* Model */ = {
			isa = PBXGroup;
			children = (
				08804D93274BF30000634C07 /* Converter */,
				089ECCC227417C0400C7EAB8 /* OneTimePasswordSettings.h */,
				089ECCC327417C0400C7EAB8 /* OneTimePasswordSettings.m */,
			);
			path = Model;
			sourceTree = "<group>";
		};
		08C8E25F26BBA376006D4608 = {
			isa = PBXGroup;
			children = (
				08C8E26A26BBA376006D4608 /* OneTimePasswordExample */,
				08804D9E274D283900634C07 /* OneTimePasswordExampleTests */,
				08C8E26926BBA376006D4608 /* Products */,
				1829315B8A4368D5F6FF37EC /* Pods */,
				C697D1F9A72DB027A50FD0A7 /* Frameworks */,
			);
			sourceTree = "<group>";
		};
		08C8E26926BBA376006D4608 /* Products */ = {
			isa = PBXGroup;
			children = (
				08C8E26826BBA376006D4608 /* OneTimePasswordExample.app */,
				08804D9D274D283900634C07 /* OneTimePasswordExampleTests.xctest */,
			);
			name = Products;
			sourceTree = "<group>";
		};
		08C8E26A26BBA376006D4608 /* OneTimePasswordExample */ = {
			isa = PBXGroup;
			children = (
				089ECCC127417BDA00C7EAB8 /* Model */,
				08C8E26B26BBA376006D4608 /* AppDelegate.h */,
				08C8E26C26BBA376006D4608 /* AppDelegate.m */,
				08C8E26E26BBA376006D4608 /* SceneDelegate.h */,
				08C8E26F26BBA376006D4608 /* SceneDelegate.m */,
				08C8E27126BBA376006D4608 /* ViewController.h */,
				08C8E27226BBA376006D4608 /* ViewController.m */,
				4F8B41242703520D00CF6A1A /* SettingController.m */,
				4F8B4126270484D900CF6A1A /* SettingController.h */,
				08C8E27426BBA376006D4608 /* Main.storyboard */,
				08C8E27726BBA377006D4608 /* Assets.xcassets */,
				08C8E27926BBA377006D4608 /* LaunchScreen.storyboard */,
				08C8E27C26BBA377006D4608 /* Info.plist */,
				08C8E27D26BBA377006D4608 /* main.m */,
			);
			path = OneTimePasswordExample;
			sourceTree = "<group>";
		};
		1829315B8A4368D5F6FF37EC /* Pods */ = {
			isa = PBXGroup;
			children = (
				62EA47A9FA5474BBDDECC144 /* Pods-OneTimePasswordExample.debug.xcconfig */,
				C0CF9A46AE07C0F1865C69D3 /* Pods-OneTimePasswordExample.release.xcconfig */,
				E982414A524FEA6B6BD00D07 /* Pods-OneTimePasswordExampleTests.debug.xcconfig */,
				736A6813388591A6692CC8C4 /* Pods-OneTimePasswordExampleTests.release.xcconfig */,
			);
			path = Pods;
			sourceTree = "<group>";
		};
		C697D1F9A72DB027A50FD0A7 /* Frameworks */ = {
			isa = PBXGroup;
			children = (
				C08B5529218DAFE111F19B53 /* libPods-OneTimePasswordExample.a */,
				BC7DC5E5BD3FFB6BD8F06AF9 /* libPods-OneTimePasswordExampleTests.a */,
			);
			name = Frameworks;
			sourceTree = "<group>";
		};
/* End PBXGroup section */

/* Begin PBXNativeTarget section */
		08804D9C274D283900634C07 /* OneTimePasswordExampleTests */ = {
			isa = PBXNativeTarget;
			buildConfigurationList = 08804DA3274D283900634C07 /* Build configuration list for PBXNativeTarget "OneTimePasswordExampleTests" */;
			buildPhases = (
				A6939A50FAE92993FD0145E8 /* [CP] Check Pods Manifest.lock */,
				08804D99274D283900634C07 /* Sources */,
				08804D9A274D283900634C07 /* Frameworks */,
				08804D9B274D283900634C07 /* Resources */,
			);
			buildRules = (
			);
			dependencies = (
				08804DA2274D283900634C07 /* PBXTargetDependency */,
			);
			name = OneTimePasswordExampleTests;
			productName = OneTimePasswordExampleTests;
			productReference = 08804D9D274D283900634C07 /* OneTimePasswordExampleTests.xctest */;
			productType = "com.apple.product-type.bundle.unit-test";
		};
		08C8E26726BBA376006D4608 /* OneTimePasswordExample */ = {
			isa = PBXNativeTarget;
			buildConfigurationList = 08C8E28126BBA377006D4608 /* Build configuration list for PBXNativeTarget "OneTimePasswordExample" */;
			buildPhases = (
				B4D4B58FA36B1FFC348E3F70 /* [CP] Check Pods Manifest.lock */,
				08C8E26426BBA376006D4608 /* Sources */,
				08C8E26526BBA376006D4608 /* Frameworks */,
				08C8E26626BBA376006D4608 /* Resources */,
			);
			buildRules = (
			);
			dependencies = (
			);
			name = OneTimePasswordExample;
			productName = OneTimePasswordExample;
			productReference = 08C8E26826BBA376006D4608 /* OneTimePasswordExample.app */;
			productType = "com.apple.product-type.application";
		};
/* End PBXNativeTarget section */

/* Begin PBXProject section */
		08C8E26026BBA376006D4608 /* Project object */ = {
			isa = PBXProject;
			attributes = {
				LastUpgradeCheck = 1250;
				TargetAttributes = {
					08804D9C274D283900634C07 = {
						CreatedOnToolsVersion = 13.1;
						TestTargetID = 08C8E26726BBA376006D4608;
					};
					08C8E26726BBA376006D4608 = {
						CreatedOnToolsVersion = 12.5.1;
					};
				};
			};
			buildConfigurationList = 08C8E26326BBA376006D4608 /* Build configuration list for PBXProject "OneTimePasswordExample" */;
			compatibilityVersion = "Xcode 12.0";
			developmentRegion = en;
			hasScannedForEncodings = 0;
			knownRegions = (
				en,
				Base,
			);
			mainGroup = 08C8E25F26BBA376006D4608;
			productRefGroup = 08C8E26926BBA376006D4608 /* Products */;
			projectDirPath = "";
			projectRoot = "";
			targets = (
				08C8E26726BBA376006D4608 /* OneTimePasswordExample */,
				08804D9C274D283900634C07 /* OneTimePasswordExampleTests */,
			);
		};
/* End PBXProject section */

/* Begin PBXResourcesBuildPhase section */
		08804D9B274D283900634C07 /* Resources */ = {
			isa = PBXResourcesBuildPhase;
			buildActionMask = 2147483647;
			files = (
			);
			runOnlyForDeploymentPostprocessing = 0;
		};
		08C8E26626BBA376006D4608 /* Resources */ = {
			isa = PBXResourcesBuildPhase;
			buildActionMask = 2147483647;
			files = (
				08C8E27B26BBA377006D4608 /* LaunchScreen.storyboard in Resources */,
				08C8E27826BBA377006D4608 /* Assets.xcassets in Resources */,
				08C8E27626BBA376006D4608 /* Main.storyboard in Resources */,
			);
			runOnlyForDeploymentPostprocessing = 0;
		};
/* End PBXResourcesBuildPhase section */

/* Begin PBXShellScriptBuildPhase section */
		A6939A50FAE92993FD0145E8 /* [CP] Check Pods Manifest.lock */ = {
			isa = PBXShellScriptBuildPhase;
			buildActionMask = 2147483647;
			files = (
			);
			inputFileListPaths = (
			);
			inputPaths = (
				"${PODS_PODFILE_DIR_PATH}/Podfile.lock",
				"${PODS_ROOT}/Manifest.lock",
			);
			name = "[CP] Check Pods Manifest.lock";
			outputFileListPaths = (
			);
			outputPaths = (
				"$(DERIVED_FILE_DIR)/Pods-OneTimePasswordExampleTests-checkManifestLockResult.txt",
			);
			runOnlyForDeploymentPostprocessing = 0;
			shellPath = /bin/sh;
			shellScript = "diff \"${PODS_PODFILE_DIR_PATH}/Podfile.lock\" \"${PODS_ROOT}/Manifest.lock\" > /dev/null\nif [ $? != 0 ] ; then\n    # print error to STDERR\n    echo \"error: The sandbox is not in sync with the Podfile.lock. Run 'pod install' or update your CocoaPods installation.\" >&2\n    exit 1\nfi\n# This output is used by Xcode 'outputs' to avoid re-running this script phase.\necho \"SUCCESS\" > \"${SCRIPT_OUTPUT_FILE_0}\"\n";
			showEnvVarsInLog = 0;
		};
		B4D4B58FA36B1FFC348E3F70 /* [CP] Check Pods Manifest.lock */ = {
			isa = PBXShellScriptBuildPhase;
			buildActionMask = 2147483647;
			files = (
			);
			inputFileListPaths = (
			);
			inputPaths = (
				"${PODS_PODFILE_DIR_PATH}/Podfile.lock",
				"${PODS_ROOT}/Manifest.lock",
			);
			name = "[CP] Check Pods Manifest.lock";
			outputFileListPaths = (
			);
			outputPaths = (
				"$(DERIVED_FILE_DIR)/Pods-OneTimePasswordExample-checkManifestLockResult.txt",
			);
			runOnlyForDeploymentPostprocessing = 0;
			shellPath = /bin/sh;
			shellScript = "diff \"${PODS_PODFILE_DIR_PATH}/Podfile.lock\" \"${PODS_ROOT}/Manifest.lock\" > /dev/null\nif [ $? != 0 ] ; then\n    # print error to STDERR\n    echo \"error: The sandbox is not in sync with the Podfile.lock. Run 'pod install' or update your CocoaPods installation.\" >&2\n    exit 1\nfi\n# This output is used by Xcode 'outputs' to avoid re-running this script phase.\necho \"SUCCESS\" > \"${SCRIPT_OUTPUT_FILE_0}\"\n";
			showEnvVarsInLog = 0;
		};
/* End PBXShellScriptBuildPhase section */

/* Begin PBXSourcesBuildPhase section */
		08804D99274D283900634C07 /* Sources */ = {
			isa = PBXSourcesBuildPhase;
			buildActionMask = 2147483647;
			files = (
				08804DA0274D283900634C07 /* OneTimePasswordSettingsTests.m in Sources */,
				08804DA7274D3FA800634C07 /* OneTimePasswordConverterTest.m in Sources */,
			);
			runOnlyForDeploymentPostprocessing = 0;
		};
		08C8E26426BBA376006D4608 /* Sources */ = {
			isa = PBXSourcesBuildPhase;
			buildActionMask = 2147483647;
			files = (
				08C8E27326BBA376006D4608 /* ViewController.m in Sources */,
				08804D92274BE72D00634C07 /* OneTimePasswordConverter.m in Sources */,
				08C8E26D26BBA376006D4608 /* AppDelegate.m in Sources */,
				4F8B41252703520D00CF6A1A /* SettingController.m in Sources */,
				08C8E27E26BBA377006D4608 /* main.m in Sources */,
				08C8E27026BBA376006D4608 /* SceneDelegate.m in Sources */,
				089ECCC427417C0400C7EAB8 /* OneTimePasswordSettings.m in Sources */,
			);
			runOnlyForDeploymentPostprocessing = 0;
		};
/* End PBXSourcesBuildPhase section */

/* Begin PBXTargetDependency section */
		08804DA2274D283900634C07 /* PBXTargetDependency */ = {
			isa = PBXTargetDependency;
			target = 08C8E26726BBA376006D4608 /* OneTimePasswordExample */;
			targetProxy = 08804DA1274D283900634C07 /* PBXContainerItemProxy */;
		};
/* End PBXTargetDependency section */

/* Begin PBXVariantGroup section */
		08C8E27426BBA376006D4608 /* Main.storyboard */ = {
			isa = PBXVariantGroup;
			children = (
				08C8E27526BBA376006D4608 /* Base */,
			);
			name = Main.storyboard;
			sourceTree = "<group>";
		};
		08C8E27926BBA377006D4608 /* LaunchScreen.storyboard */ = {
			isa = PBXVariantGroup;
			children = (
				08C8E27A26BBA377006D4608 /* Base */,
			);
			name = LaunchScreen.storyboard;
			sourceTree = "<group>";
		};
/* End PBXVariantGroup section */

/* Begin XCBuildConfiguration section */
		08804DA4274D283900634C07 /* Debug */ = {
			isa = XCBuildConfiguration;
			baseConfigurationReference = E982414A524FEA6B6BD00D07 /* Pods-OneTimePasswordExampleTests.debug.xcconfig */;
			buildSettings = {
				BUNDLE_LOADER = "$(TEST_HOST)";
				CLANG_CXX_LANGUAGE_STANDARD = "gnu++17";
				CODE_SIGN_STYLE = Automatic;
				CURRENT_PROJECT_VERSION = 1;
				DEVELOPMENT_TEAM = NYT8BVWJBJ;
				GENERATE_INFOPLIST_FILE = YES;
				IPHONEOS_DEPLOYMENT_TARGET = 15.0;
				LD_RUNPATH_SEARCH_PATHS = (
					"$(inherited)",
					"@executable_path/Frameworks",
					"@loader_path/Frameworks",
				);
				MARKETING_VERSION = 1.0;
				PRODUCT_BUNDLE_IDENTIFIER = io.github.ykws.OneTimePasswordExampleTests;
				PRODUCT_NAME = "$(TARGET_NAME)";
				SWIFT_EMIT_LOC_STRINGS = NO;
				TARGETED_DEVICE_FAMILY = "1,2";
				TEST_HOST = "$(BUILT_PRODUCTS_DIR)/OneTimePasswordExample.app/OneTimePasswordExample";
			};
			name = Debug;
		};
		08804DA5274D283900634C07 /* Release */ = {
			isa = XCBuildConfiguration;
			baseConfigurationReference = 736A6813388591A6692CC8C4 /* Pods-OneTimePasswordExampleTests.release.xcconfig */;
			buildSettings = {
				BUNDLE_LOADER = "$(TEST_HOST)";
				CLANG_CXX_LANGUAGE_STANDARD = "gnu++17";
				CODE_SIGN_STYLE = Automatic;
				CURRENT_PROJECT_VERSION = 1;
				DEVELOPMENT_TEAM = NYT8BVWJBJ;
				GENERATE_INFOPLIST_FILE = YES;
				IPHONEOS_DEPLOYMENT_TARGET = 15.0;
				LD_RUNPATH_SEARCH_PATHS = (
					"$(inherited)",
					"@executable_path/Frameworks",
					"@loader_path/Frameworks",
				);
				MARKETING_VERSION = 1.0;
				PRODUCT_BUNDLE_IDENTIFIER = io.github.ykws.OneTimePasswordExampleTests;
				PRODUCT_NAME = "$(TARGET_NAME)";
				SWIFT_EMIT_LOC_STRINGS = NO;
				TARGETED_DEVICE_FAMILY = "1,2";
				TEST_HOST = "$(BUILT_PRODUCTS_DIR)/OneTimePasswordExample.app/OneTimePasswordExample";
			};
			name = Release;
		};
		08C8E27F26BBA377006D4608 /* Debug */ = {
			isa = XCBuildConfiguration;
			buildSettings = {
				ALWAYS_SEARCH_USER_PATHS = NO;
				CLANG_ANALYZER_NONNULL = YES;
				CLANG_ANALYZER_NUMBER_OBJECT_CONVERSION = YES_AGGRESSIVE;
				CLANG_CXX_LANGUAGE_STANDARD = "gnu++14";
				CLANG_CXX_LIBRARY = "libc++";
				CLANG_ENABLE_MODULES = YES;
				CLANG_ENABLE_OBJC_ARC = YES;
				CLANG_ENABLE_OBJC_WEAK = YES;
				CLANG_WARN_BLOCK_CAPTURE_AUTORELEASING = YES;
				CLANG_WARN_BOOL_CONVERSION = YES;
				CLANG_WARN_COMMA = YES;
				CLANG_WARN_CONSTANT_CONVERSION = YES;
				CLANG_WARN_DEPRECATED_OBJC_IMPLEMENTATIONS = YES;
				CLANG_WARN_DIRECT_OBJC_ISA_USAGE = YES_ERROR;
				CLANG_WARN_DOCUMENTATION_COMMENTS = YES;
				CLANG_WARN_EMPTY_BODY = YES;
				CLANG_WARN_ENUM_CONVERSION = YES;
				CLANG_WARN_INFINITE_RECURSION = YES;
				CLANG_WARN_INT_CONVERSION = YES;
				CLANG_WARN_NON_LITERAL_NULL_CONVERSION = YES;
				CLANG_WARN_OBJC_IMPLICIT_RETAIN_SELF = YES;
				CLANG_WARN_OBJC_LITERAL_CONVERSION = YES;
				CLANG_WARN_OBJC_ROOT_CLASS = YES_ERROR;
				CLANG_WARN_QUOTED_INCLUDE_IN_FRAMEWORK_HEADER = YES;
				CLANG_WARN_RANGE_LOOP_ANALYSIS = YES;
				CLANG_WARN_STRICT_PROTOTYPES = YES;
				CLANG_WARN_SUSPICIOUS_MOVE = YES;
				CLANG_WARN_UNGUARDED_AVAILABILITY = YES_AGGRESSIVE;
				CLANG_WARN_UNREACHABLE_CODE = YES;
				CLANG_WARN__DUPLICATE_METHOD_MATCH = YES;
				COPY_PHASE_STRIP = NO;
				DEBUG_INFORMATION_FORMAT = dwarf;
				ENABLE_STRICT_OBJC_MSGSEND = YES;
				ENABLE_TESTABILITY = YES;
				GCC_C_LANGUAGE_STANDARD = gnu11;
				GCC_DYNAMIC_NO_PIC = NO;
				GCC_NO_COMMON_BLOCKS = YES;
				GCC_OPTIMIZATION_LEVEL = 0;
				GCC_PREPROCESSOR_DEFINITIONS = (
					"DEBUG=1",
					"$(inherited)",
				);
				GCC_WARN_64_TO_32_BIT_CONVERSION = YES;
				GCC_WARN_ABOUT_RETURN_TYPE = YES_ERROR;
				GCC_WARN_UNDECLARED_SELECTOR = YES;
				GCC_WARN_UNINITIALIZED_AUTOS = YES_AGGRESSIVE;
				GCC_WARN_UNUSED_FUNCTION = YES;
				GCC_WARN_UNUSED_VARIABLE = YES;
				IPHONEOS_DEPLOYMENT_TARGET = 14.5;
				MTL_ENABLE_DEBUG_INFO = INCLUDE_SOURCE;
				MTL_FAST_MATH = YES;
				ONLY_ACTIVE_ARCH = YES;
				SDKROOT = iphoneos;
			};
			name = Debug;
		};
		08C8E28026BBA377006D4608 /* Release */ = {
			isa = XCBuildConfiguration;
			buildSettings = {
				ALWAYS_SEARCH_USER_PATHS = NO;
				CLANG_ANALYZER_NONNULL = YES;
				CLANG_ANALYZER_NUMBER_OBJECT_CONVERSION = YES_AGGRESSIVE;
				CLANG_CXX_LANGUAGE_STANDARD = "gnu++14";
				CLANG_CXX_LIBRARY = "libc++";
				CLANG_ENABLE_MODULES = YES;
				CLANG_ENABLE_OBJC_ARC = YES;
				CLANG_ENABLE_OBJC_WEAK = YES;
				CLANG_WARN_BLOCK_CAPTURE_AUTORELEASING = YES;
				CLANG_WARN_BOOL_CONVERSION = YES;
				CLANG_WARN_COMMA = YES;
				CLANG_WARN_CONSTANT_CONVERSION = YES;
				CLANG_WARN_DEPRECATED_OBJC_IMPLEMENTATIONS = YES;
				CLANG_WARN_DIRECT_OBJC_ISA_USAGE = YES_ERROR;
				CLANG_WARN_DOCUMENTATION_COMMENTS = YES;
				CLANG_WARN_EMPTY_BODY = YES;
				CLANG_WARN_ENUM_CONVERSION = YES;
				CLANG_WARN_INFINITE_RECURSION = YES;
				CLANG_WARN_INT_CONVERSION = YES;
				CLANG_WARN_NON_LITERAL_NULL_CONVERSION = YES;
				CLANG_WARN_OBJC_IMPLICIT_RETAIN_SELF = YES;
				CLANG_WARN_OBJC_LITERAL_CONVERSION = YES;
				CLANG_WARN_OBJC_ROOT_CLASS = YES_ERROR;
				CLANG_WARN_QUOTED_INCLUDE_IN_FRAMEWORK_HEADER = YES;
				CLANG_WARN_RANGE_LOOP_ANALYSIS = YES;
				CLANG_WARN_STRICT_PROTOTYPES = YES;
				CLANG_WARN_SUSPICIOUS_MOVE = YES;
				CLANG_WARN_UNGUARDED_AVAILABILITY = YES_AGGRESSIVE;
				CLANG_WARN_UNREACHABLE_CODE = YES;
				CLANG_WARN__DUPLICATE_METHOD_MATCH = YES;
				COPY_PHASE_STRIP = NO;
				DEBUG_INFORMATION_FORMAT = "dwarf-with-dsym";
				ENABLE_NS_ASSERTIONS = NO;
				ENABLE_STRICT_OBJC_MSGSEND = YES;
				GCC_C_LANGUAGE_STANDARD = gnu11;
				GCC_NO_COMMON_BLOCKS = YES;
				GCC_WARN_64_TO_32_BIT_CONVERSION = YES;
				GCC_WARN_ABOUT_RETURN_TYPE = YES_ERROR;
				GCC_WARN_UNDECLARED_SELECTOR = YES;
				GCC_WARN_UNINITIALIZED_AUTOS = YES_AGGRESSIVE;
				GCC_WARN_UNUSED_FUNCTION = YES;
				GCC_WARN_UNUSED_VARIABLE = YES;
				IPHONEOS_DEPLOYMENT_TARGET = 14.5;
				MTL_ENABLE_DEBUG_INFO = NO;
				MTL_FAST_MATH = YES;
				SDKROOT = iphoneos;
				VALIDATE_PRODUCT = YES;
			};
			name = Release;
		};
		08C8E28226BBA377006D4608 /* Debug */ = {
			isa = XCBuildConfiguration;
			baseConfigurationReference = 62EA47A9FA5474BBDDECC144 /* Pods-OneTimePasswordExample.debug.xcconfig */;
			buildSettings = {
				ASSETCATALOG_COMPILER_APPICON_NAME = AppIcon;
				ASSETCATALOG_COMPILER_GLOBAL_ACCENT_COLOR_NAME = AccentColor;
				CODE_SIGN_STYLE = Automatic;
				CURRENT_PROJECT_VERSION = 1;
				DEVELOPMENT_TEAM = NYT8BVWJBJ;
				GENERATE_INFOPLIST_FILE = YES;
				INFOPLIST_FILE = OneTimePasswordExample/Info.plist;
				INFOPLIST_KEY_UIApplicationSupportsIndirectInputEvents = YES;
				INFOPLIST_KEY_UILaunchStoryboardName = LaunchScreen;
				INFOPLIST_KEY_UIMainStoryboardFile = Main;
				INFOPLIST_KEY_UISupportedInterfaceOrientations_iPad = "UIInterfaceOrientationPortrait UIInterfaceOrientationPortraitUpsideDown UIInterfaceOrientationLandscapeLeft UIInterfaceOrientationLandscapeRight";
				INFOPLIST_KEY_UISupportedInterfaceOrientations_iPhone = "UIInterfaceOrientationPortrait UIInterfaceOrientationLandscapeLeft UIInterfaceOrientationLandscapeRight";
				LD_RUNPATH_SEARCH_PATHS = (
					"$(inherited)",
					"@executable_path/Frameworks",
				);
				MARKETING_VERSION = 1.0;
				PRODUCT_BUNDLE_IDENTIFIER = gk.oumiya.OneTimePasswordExample;
				PRODUCT_NAME = "$(TARGET_NAME)";
				SWIFT_EMIT_LOC_STRINGS = YES;
				TARGETED_DEVICE_FAMILY = "1,2";
			};
			name = Debug;
		};
		08C8E28326BBA377006D4608 /* Release */ = {
			isa = XCBuildConfiguration;
			baseConfigurationReference = C0CF9A46AE07C0F1865C69D3 /* Pods-OneTimePasswordExample.release.xcconfig */;
			buildSettings = {
				ASSETCATALOG_COMPILER_APPICON_NAME = AppIcon;
				ASSETCATALOG_COMPILER_GLOBAL_ACCENT_COLOR_NAME = AccentColor;
				CODE_SIGN_STYLE = Automatic;
				CURRENT_PROJECT_VERSION = 1;
				DEVELOPMENT_TEAM = NYT8BVWJBJ;
				GENERATE_INFOPLIST_FILE = YES;
				INFOPLIST_FILE = OneTimePasswordExample/Info.plist;
				INFOPLIST_KEY_UIApplicationSupportsIndirectInputEvents = YES;
				INFOPLIST_KEY_UILaunchStoryboardName = LaunchScreen;
				INFOPLIST_KEY_UIMainStoryboardFile = Main;
				INFOPLIST_KEY_UISupportedInterfaceOrientations_iPad = "UIInterfaceOrientationPortrait UIInterfaceOrientationPortraitUpsideDown UIInterfaceOrientationLandscapeLeft UIInterfaceOrientationLandscapeRight";
				INFOPLIST_KEY_UISupportedInterfaceOrientations_iPhone = "UIInterfaceOrientationPortrait UIInterfaceOrientationLandscapeLeft UIInterfaceOrientationLandscapeRight";
				LD_RUNPATH_SEARCH_PATHS = (
					"$(inherited)",
					"@executable_path/Frameworks",
				);
				MARKETING_VERSION = 1.0;
				PRODUCT_BUNDLE_IDENTIFIER = gk.oumiya.OneTimePasswordExample;
				PRODUCT_NAME = "$(TARGET_NAME)";
				SWIFT_EMIT_LOC_STRINGS = YES;
				TARGETED_DEVICE_FAMILY = "1,2";
			};
			name = Release;
		};
/* End XCBuildConfiguration section */

/* Begin XCConfigurationList section */
		08804DA3274D283900634C07 /* Build configuration list for PBXNativeTarget "OneTimePasswordExampleTests" */ = {
			isa = XCConfigurationList;
			buildConfigurations = (
				08804DA4274D283900634C07 /* Debug */,
				08804DA5274D283900634C07 /* Release */,
			);
			defaultConfigurationIsVisible = 0;
			defaultConfigurationName = Release;
		};
		08C8E26326BBA376006D4608 /* Build configuration list for PBXProject "OneTimePasswordExample" */ = {
			isa = XCConfigurationList;
			buildConfigurations = (
				08C8E27F26BBA377006D4608 /* Debug */,
				08C8E28026BBA377006D4608 /* Release */,
			);
			defaultConfigurationIsVisible = 0;
			defaultConfigurationName = Release;
		};
		08C8E28126BBA377006D4608 /* Build configuration list for PBXNativeTarget "OneTimePasswordExample" */ = {
			isa = XCConfigurationList;
			buildConfigurations = (
				08C8E28226BBA377006D4608 /* Debug */,
				08C8E28326BBA377006D4608 /* Release */,
			);
			defaultConfigurationIsVisible = 0;
			defaultConfigurationName = Release;
		};
/* End XCConfigurationList section */
	};
	rootObject = 08C8E26026BBA376006D4608 /* Project object */;
}
